
Microsoft Visual Studio Solution File, Format Version 12.00
# Visual Studio 15
Project("{FAE04EC0-301F-11D3-BF4B-00C04F79EFBC}") = "mod1_B", "mod1_B.csproj", "{9D9C83EA-77BB-41CA-83A9-BE73F232631B}"
EndProject
Global
	GlobalSection(SolutionConfigurationPlatforms) = preSolution
		Debug|anycpu = Debug|anycpu
		Release|anycpu = Release|anycpu
	EndGlobalSection
	GlobalSection(ProjectConfigurationPlatforms) = postSolution
		{9D9C83EA-77BB-41CA-83A9-BE73F232631B}.Debug|anycpu.ActiveCfg = Debug|anycpu
		{9D9C83EA-77BB-41CA-83A9-BE73F232631B}.Debug|anycpu.Build.0 = Debug|anycpu
		{9D9C83EA-77BB-41CA-83A9-BE73F232631B}.Release|anycpu.ActiveCfg = Release|anycpu
		{9D9C83EA-77BB-41CA-83A9-BE73F232631B}.Release|anycpu.Build.0 = Release|anycpu
	EndGlobalSection
EndGlobal
